
Microsoft Visual Studio Solution File, Format Version 12.00
# Visual Studio Version 17
VisualStudioVersion = 17.0.31903.59
MinimumVisualStudioVersion = 10.0.40219.1
Project("{FAE04EC0-301F-11D3-BF4B-00C04F79EFBC}") = "AssistantApp.API", "AssistantApp.API\AssistantApp.API.csproj", "{46E743DE-67AE-4F96-8F28-1B6169CE94BA}"
EndProject
Project("{FAE04EC0-301F-11D3-BF4B-00C04F79EFBC}") = "AssistantApp.Shared", "AssistantApp.Shared\AssistantApp.Shared.csproj", "{D2F19AB6-2363-4A0E-94C8-348BE5F46A96}"
EndProject
Project("{FAE04EC0-301F-11D3-BF4B-00C04F79EFBC}") = "AssistantApp.Client", "AssistantApp.Client\AssistantApp.Client.csproj", "{D4823301-1C63-47D4-96D4-1298F5914ADF}"
EndProject
Global
	GlobalSection(SolutionConfigurationPlatforms) = preSolution
		Debug|Any CPU = Debug|Any CPU
		Release|Any CPU = Release|Any CPU
	EndGlobalSection
	GlobalSection(SolutionProperties) = preSolution
		HideSolutionNode = FALSE
	EndGlobalSection
	GlobalSection(ProjectConfigurationPlatforms) = postSolution
		{46E743DE-67AE-4F96-8F28-1B6169CE94BA}.Debug|Any CPU.ActiveCfg = Debug|Any CPU
		{46E743DE-67AE-4F96-8F28-1B6169CE94BA}.Debug|Any CPU.Build.0 = Debug|Any CPU
		{46E743DE-67AE-4F96-8F28-1B6169CE94BA}.Release|Any CPU.ActiveCfg = Release|Any CPU
		{46E743DE-67AE-4F96-8F28-1B6169CE94BA}.Release|Any CPU.Build.0 = Release|Any CPU
		{D2F19AB6-2363-4A0E-94C8-348BE5F46A96}.Debug|Any CPU.ActiveCfg = Debug|Any CPU
		{D2F19AB6-2363-4A0E-94C8-348BE5F46A96}.Debug|Any CPU.Build.0 = Debug|Any CPU
		{D2F19AB6-2363-4A0E-94C8-348BE5F46A96}.Release|Any CPU.ActiveCfg = Release|Any CPU
		{D2F19AB6-2363-4A0E-94C8-348BE5F46A96}.Release|Any CPU.Build.0 = Release|Any CPU
		{D4823301-1C63-47D4-96D4-1298F5914ADF}.Debug|Any CPU.ActiveCfg = Debug|Any CPU
		{D4823301-1C63-47D4-96D4-1298F5914ADF}.Debug|Any CPU.Build.0 = Debug|Any CPU
		{D4823301-1C63-47D4-96D4-1298F5914ADF}.Release|Any CPU.ActiveCfg = Release|Any CPU
		{D4823301-1C63-47D4-96D4-1298F5914ADF}.Release|Any CPU.Build.0 = Release|Any CPU
	EndGlobalSection
EndGlobal
